// !$*UTF8*$!
{
	archiveVersion = 1;
	classes = {
	};
	objectVersion = 56;
	objects = {

/* Begin PBXBuildFile section */
		5837A6D92C11BB5D0036E654 /* TransactionTableViewCell.swift in Sources */ = {isa = PBXBuildFile; fileRef = 5837A6D82C11BB5D0036E654 /* TransactionTableViewCell.swift */; };
		58F099DA2C0F6DC4008B4289 /* CalendarPopUpViewController.swift in Sources */ = {isa = PBXBuildFile; fileRef = 58F099D92C0F6DC4008B4289 /* CalendarPopUpViewController.swift */; };
		58FAB1622C0ECA63005251EB /* CalendarManager.swift in Sources */ = {isa = PBXBuildFile; fileRef = 58FAB1612C0ECA63005251EB /* CalendarManager.swift */; };
		58FAB1642C0ED0F5005251EB /* CalendarCollectionViewCell.swift in Sources */ = {isa = PBXBuildFile; fileRef = 58FAB1632C0ED0F5005251EB /* CalendarCollectionViewCell.swift */; };
		7953E8032C0D508C0095AC36 /* AppDelegate.swift in Sources */ = {isa = PBXBuildFile; fileRef = 7953E8022C0D508C0095AC36 /* AppDelegate.swift */; };
		7953E8052C0D508C0095AC36 /* SceneDelegate.swift in Sources */ = {isa = PBXBuildFile; fileRef = 7953E8042C0D508C0095AC36 /* SceneDelegate.swift */; };
		7953E8072C0D508C0095AC36 /* HomeViewController.swift in Sources */ = {isa = PBXBuildFile; fileRef = 7953E8062C0D508C0095AC36 /* HomeViewController.swift */; };
		7953E80C2C0D508F0095AC36 /* Assets.xcassets in Resources */ = {isa = PBXBuildFile; fileRef = 7953E80B2C0D508F0095AC36 /* Assets.xcassets */; };
		7953E80F2C0D508F0095AC36 /* Base in Resources */ = {isa = PBXBuildFile; fileRef = 7953E80E2C0D508F0095AC36 /* Base */; };
		79FE80842C0D9A5800517428 /* DataModel.swift in Sources */ = {isa = PBXBuildFile; fileRef = 79FE80832C0D9A5800517428 /* DataModel.swift */; };
		79FE80862C0D9FA600517428 /* DataController.swift in Sources */ = {isa = PBXBuildFile; fileRef = 79FE80852C0D9FA600517428 /* DataController.swift */; };
		79FE80892C0DA4A700517428 /* ReportViewController.swift in Sources */ = {isa = PBXBuildFile; fileRef = 79FE80882C0DA4A700517428 /* ReportViewController.swift */; };
/* End PBXBuildFile section */

/* Begin PBXFileReference section */
		5837A6D82C11BB5D0036E654 /* TransactionTableViewCell.swift */ = {isa = PBXFileReference; lastKnownFileType = sourcecode.swift; path = TransactionTableViewCell.swift; sourceTree = "<group>"; };
		58F099D92C0F6DC4008B4289 /* CalendarPopUpViewController.swift */ = {isa = PBXFileReference; lastKnownFileType = sourcecode.swift; path = CalendarPopUpViewController.swift; sourceTree = "<group>"; };
		58FAB1612C0ECA63005251EB /* CalendarManager.swift */ = {isa = PBXFileReference; lastKnownFileType = sourcecode.swift; path = CalendarManager.swift; sourceTree = "<group>"; };
		58FAB1632C0ED0F5005251EB /* CalendarCollectionViewCell.swift */ = {isa = PBXFileReference; lastKnownFileType = sourcecode.swift; path = CalendarCollectionViewCell.swift; sourceTree = "<group>"; };
		7953E7FF2C0D508C0095AC36 /* Saver.app */ = {isa = PBXFileReference; explicitFileType = wrapper.application; includeInIndex = 0; path = Saver.app; sourceTree = BUILT_PRODUCTS_DIR; };
		7953E8022C0D508C0095AC36 /* AppDelegate.swift */ = {isa = PBXFileReference; lastKnownFileType = sourcecode.swift; path = AppDelegate.swift; sourceTree = "<group>"; };
		7953E8042C0D508C0095AC36 /* SceneDelegate.swift */ = {isa = PBXFileReference; lastKnownFileType = sourcecode.swift; path = SceneDelegate.swift; sourceTree = "<group>"; };
		7953E8062C0D508C0095AC36 /* HomeViewController.swift */ = {isa = PBXFileReference; lastKnownFileType = sourcecode.swift; path = HomeViewController.swift; sourceTree = "<group>"; };
		7953E80B2C0D508F0095AC36 /* Assets.xcassets */ = {isa = PBXFileReference; lastKnownFileType = folder.assetcatalog; path = Assets.xcassets; sourceTree = "<group>"; };
		7953E80E2C0D508F0095AC36 /* Base */ = {isa = PBXFileReference; lastKnownFileType = file.storyboard; name = Base; path = Base.lproj/LaunchScreen.storyboard; sourceTree = "<group>"; };
		7953E8102C0D508F0095AC36 /* Info.plist */ = {isa = PBXFileReference; lastKnownFileType = text.plist.xml; path = Info.plist; sourceTree = "<group>"; };
		79FE80832C0D9A5800517428 /* DataModel.swift */ = {isa = PBXFileReference; lastKnownFileType = sourcecode.swift; path = DataModel.swift; sourceTree = "<group>"; };
		79FE80852C0D9FA600517428 /* DataController.swift */ = {isa = PBXFileReference; lastKnownFileType = sourcecode.swift; path = DataController.swift; sourceTree = "<group>"; };
		79FE80882C0DA4A700517428 /* ReportViewController.swift */ = {isa = PBXFileReference; lastKnownFileType = sourcecode.swift; path = ReportViewController.swift; sourceTree = "<group>"; };
/* End PBXFileReference section */

/* Begin PBXFrameworksBuildPhase section */
		7953E7FC2C0D508C0095AC36 /* Frameworks */ = {
			isa = PBXFrameworksBuildPhase;
			buildActionMask = 2147483647;
			files = (
			);
			runOnlyForDeploymentPostprocessing = 0;
		};
/* End PBXFrameworksBuildPhase section */

/* Begin PBXGroup section */
		7953E7F62C0D508C0095AC36 = {
			isa = PBXGroup;
			children = (
				7953E8012C0D508C0095AC36 /* Saver */,
				7953E8002C0D508C0095AC36 /* Products */,
			);
			sourceTree = "<group>";
		};
		7953E8002C0D508C0095AC36 /* Products */ = {
			isa = PBXGroup;
			children = (
				7953E7FF2C0D508C0095AC36 /* Saver.app */,
			);
			name = Products;
			sourceTree = "<group>";
		};
		7953E8012C0D508C0095AC36 /* Saver */ = {
			isa = PBXGroup;
			children = (
				79FE80872C0DA3BC00517428 /* Controller */,
				79FE807F2C0D99CD00517428 /* Model */,
				7953E8022C0D508C0095AC36 /* AppDelegate.swift */,
				7953E8042C0D508C0095AC36 /* SceneDelegate.swift */,
				7953E80B2C0D508F0095AC36 /* Assets.xcassets */,
				7953E80D2C0D508F0095AC36 /* LaunchScreen.storyboard */,
				7953E8102C0D508F0095AC36 /* Info.plist */,
			);
			path = Saver;
			sourceTree = "<group>";
		};
		79FE807F2C0D99CD00517428 /* Model */ = {
			isa = PBXGroup;
			children = (
				79FE80832C0D9A5800517428 /* DataModel.swift */,
			);
			path = Model;
			sourceTree = "<group>";
		};
		79FE80872C0DA3BC00517428 /* Controller */ = {
			isa = PBXGroup;
			children = (
				7953E8062C0D508C0095AC36 /* HomeViewController.swift */,
				5837A6D82C11BB5D0036E654 /* TransactionTableViewCell.swift */,
				79FE80882C0DA4A700517428 /* ReportViewController.swift */,
				79FE80852C0D9FA600517428 /* DataController.swift */,
				58FAB1612C0ECA63005251EB /* CalendarManager.swift */,
				58FAB1632C0ED0F5005251EB /* CalendarCollectionViewCell.swift */,
				58F099D92C0F6DC4008B4289 /* CalendarPopUpViewController.swift */,
			);
			path = Controller;
			sourceTree = "<group>";
		};
/* End PBXGroup section */

/* Begin PBXNativeTarget section */
		7953E7FE2C0D508C0095AC36 /* Saver */ = {
			isa = PBXNativeTarget;
			buildConfigurationList = 7953E8132C0D508F0095AC36 /* Build configuration list for PBXNativeTarget "Saver" */;
			buildPhases = (
				7953E7FB2C0D508C0095AC36 /* Sources */,
				7953E7FC2C0D508C0095AC36 /* Frameworks */,
				7953E7FD2C0D508C0095AC36 /* Resources */,
			);
			buildRules = (
			);
			dependencies = (
			);
			name = Saver;
			productName = Saver;
			productReference = 7953E7FF2C0D508C0095AC36 /* Saver.app */;
			productType = "com.apple.product-type.application";
		};
/* End PBXNativeTarget section */

/* Begin PBXProject section */
		7953E7F72C0D508C0095AC36 /* Project object */ = {
			isa = PBXProject;
			attributes = {
				BuildIndependentTargetsInParallel = 1;
				LastSwiftUpdateCheck = 1540;
				LastUpgradeCheck = 1540;
				TargetAttributes = {
					7953E7FE2C0D508C0095AC36 = {
						CreatedOnToolsVersion = 15.4;
					};
				};
			};
			buildConfigurationList = 7953E7FA2C0D508C0095AC36 /* Build configuration list for PBXProject "Saver" */;
			compatibilityVersion = "Xcode 14.0";
			developmentRegion = en;
			hasScannedForEncodings = 0;
			knownRegions = (
				en,
				Base,
			);
			mainGroup = 7953E7F62C0D508C0095AC36;
			productRefGroup = 7953E8002C0D508C0095AC36 /* Products */;
			projectDirPath = "";
			projectRoot = "";
			targets = (
				7953E7FE2C0D508C0095AC36 /* Saver */,
			);
		};
/* End PBXProject section */

/* Begin PBXResourcesBuildPhase section */
		7953E7FD2C0D508C0095AC36 /* Resources */ = {
			isa = PBXResourcesBuildPhase;
			buildActionMask = 2147483647;
			files = (
				7953E80C2C0D508F0095AC36 /* Assets.xcassets in Resources */,
				7953E80F2C0D508F0095AC36 /* Base in Resources */,
			);
			runOnlyForDeploymentPostprocessing = 0;
		};
/* End PBXResourcesBuildPhase section */

/* Begin PBXSourcesBuildPhase section */
		7953E7FB2C0D508C0095AC36 /* Sources */ = {
			isa = PBXSourcesBuildPhase;
			buildActionMask = 2147483647;
			files = (
				58FAB1642C0ED0F5005251EB /* CalendarCollectionViewCell.swift in Sources */,
				79FE80862C0D9FA600517428 /* DataController.swift in Sources */,
				79FE80892C0DA4A700517428 /* ReportViewController.swift in Sources */,
				7953E8072C0D508C0095AC36 /* HomeViewController.swift in Sources */,
				58FAB1622C0ECA63005251EB /* CalendarManager.swift in Sources */,
				79FE80842C0D9A5800517428 /* DataModel.swift in Sources */,
				5837A6D92C11BB5D0036E654 /* TransactionTableViewCell.swift in Sources */,
				7953E8032C0D508C0095AC36 /* AppDelegate.swift in Sources */,
				58F099DA2C0F6DC4008B4289 /* CalendarPopUpViewController.swift in Sources */,
				7953E8052C0D508C0095AC36 /* SceneDelegate.swift in Sources */,
			);
			runOnlyForDeploymentPostprocessing = 0;
		};
/* End PBXSourcesBuildPhase section */

/* Begin PBXVariantGroup section */
		7953E80D2C0D508F0095AC36 /* LaunchScreen.storyboard */ = {
			isa = PBXVariantGroup;
			children = (
				7953E80E2C0D508F0095AC36 /* Base */,
			);
			name = LaunchScreen.storyboard;
			sourceTree = "<group>";
		};
/* End PBXVariantGroup section */

/* Begin XCBuildConfiguration section */
		7953E8112C0D508F0095AC36 /* Debug */ = {
			isa = XCBuildConfiguration;
			buildSettings = {
				ALWAYS_SEARCH_USER_PATHS = NO;
				ASSETCATALOG_COMPILER_GENERATE_SWIFT_ASSET_SYMBOL_EXTENSIONS = YES;
				CLANG_ANALYZER_NONNULL = YES;
				CLANG_ANALYZER_NUMBER_OBJECT_CONVERSION = YES_AGGRESSIVE;
				CLANG_CXX_LANGUAGE_STANDARD = "gnu++20";
				CLANG_ENABLE_MODULES = YES;
				CLANG_ENABLE_OBJC_ARC = YES;
				CLANG_ENABLE_OBJC_WEAK = YES;
				CLANG_WARN_BLOCK_CAPTURE_AUTORELEASING = YES;
				CLANG_WARN_BOOL_CONVERSION = YES;
				CLANG_WARN_COMMA = YES;
				CLANG_WARN_CONSTANT_CONVERSION = YES;
				CLANG_WARN_DEPRECATED_OBJC_IMPLEMENTATIONS = YES;
				CLANG_WARN_DIRECT_OBJC_ISA_USAGE = YES_ERROR;
				CLANG_WARN_DOCUMENTATION_COMMENTS = YES;
				CLANG_WARN_EMPTY_BODY = YES;
				CLANG_WARN_ENUM_CONVERSION = YES;
				CLANG_WARN_INFINITE_RECURSION = YES;
				CLANG_WARN_INT_CONVERSION = YES;
				CLANG_WARN_NON_LITERAL_NULL_CONVERSION = YES;
				CLANG_WARN_OBJC_IMPLICIT_RETAIN_SELF = YES;
				CLANG_WARN_OBJC_LITERAL_CONVERSION = YES;
				CLANG_WARN_OBJC_ROOT_CLASS = YES_ERROR;
				CLANG_WARN_QUOTED_INCLUDE_IN_FRAMEWORK_HEADER = YES;
				CLANG_WARN_RANGE_LOOP_ANALYSIS = YES;
				CLANG_WARN_STRICT_PROTOTYPES = YES;
				CLANG_WARN_SUSPICIOUS_MOVE = YES;
				CLANG_WARN_UNGUARDED_AVAILABILITY = YES_AGGRESSIVE;
				CLANG_WARN_UNREACHABLE_CODE = YES;
				CLANG_WARN__DUPLICATE_METHOD_MATCH = YES;
				COPY_PHASE_STRIP = NO;
				DEBUG_INFORMATION_FORMAT = dwarf;
				ENABLE_STRICT_OBJC_MSGSEND = YES;
				ENABLE_TESTABILITY = YES;
				ENABLE_USER_SCRIPT_SANDBOXING = YES;
				GCC_C_LANGUAGE_STANDARD = gnu17;
				GCC_DYNAMIC_NO_PIC = NO;
				GCC_NO_COMMON_BLOCKS = YES;
				GCC_OPTIMIZATION_LEVEL = 0;
				GCC_PREPROCESSOR_DEFINITIONS = (
					"DEBUG=1",
					"$(inherited)",
				);
				GCC_WARN_64_TO_32_BIT_CONVERSION = YES;
				GCC_WARN_ABOUT_RETURN_TYPE = YES_ERROR;
				GCC_WARN_UNDECLARED_SELECTOR = YES;
				GCC_WARN_UNINITIALIZED_AUTOS = YES_AGGRESSIVE;
				GCC_WARN_UNUSED_FUNCTION = YES;
				GCC_WARN_UNUSED_VARIABLE = YES;
				IPHONEOS_DEPLOYMENT_TARGET = 17.5;
				LOCALIZATION_PREFERS_STRING_CATALOGS = YES;
				MTL_ENABLE_DEBUG_INFO = INCLUDE_SOURCE;
				MTL_FAST_MATH = YES;
				ONLY_ACTIVE_ARCH = YES;
				SDKROOT = iphoneos;
				SWIFT_ACTIVE_COMPILATION_CONDITIONS = "DEBUG $(inherited)";
				SWIFT_OPTIMIZATION_LEVEL = "-Onone";
			};
			name = Debug;
		};
		7953E8122C0D508F0095AC36 /* Release */ = {
			isa = XCBuildConfiguration;
			buildSettings = {
				ALWAYS_SEARCH_USER_PATHS = NO;
				ASSETCATALOG_COMPILER_GENERATE_SWIFT_ASSET_SYMBOL_EXTENSIONS = YES;
				CLANG_ANALYZER_NONNULL = YES;
				CLANG_ANALYZER_NUMBER_OBJECT_CONVERSION = YES_AGGRESSIVE;
				CLANG_CXX_LANGUAGE_STANDARD = "gnu++20";
				CLANG_ENABLE_MODULES = YES;
				CLANG_ENABLE_OBJC_ARC = YES;
				CLANG_ENABLE_OBJC_WEAK = YES;
				CLANG_WARN_BLOCK_CAPTURE_AUTORELEASING = YES;
				CLANG_WARN_BOOL_CONVERSION = YES;
				CLANG_WARN_COMMA = YES;
				CLANG_WARN_CONSTANT_CONVERSION = YES;
				CLANG_WARN_DEPRECATED_OBJC_IMPLEMENTATIONS = YES;
				CLANG_WARN_DIRECT_OBJC_ISA_USAGE = YES_ERROR;
				CLANG_WARN_DOCUMENTATION_COMMENTS = YES;
				CLANG_WARN_EMPTY_BODY = YES;
				CLANG_WARN_ENUM_CONVERSION = YES;
				CLANG_WARN_INFINITE_RECURSION = YES;
				CLANG_WARN_INT_CONVERSION = YES;
				CLANG_WARN_NON_LITERAL_NULL_CONVERSION = YES;
				CLANG_WARN_OBJC_IMPLICIT_RETAIN_SELF = YES;
				CLANG_WARN_OBJC_LITERAL_CONVERSION = YES;
				CLANG_WARN_OBJC_ROOT_CLASS = YES_ERROR;
				CLANG_WARN_QUOTED_INCLUDE_IN_FRAMEWORK_HEADER = YES;
				CLANG_WARN_RANGE_LOOP_ANALYSIS = YES;
				CLANG_WARN_STRICT_PROTOTYPES = YES;
				CLANG_WARN_SUSPICIOUS_MOVE = YES;
				CLANG_WARN_UNGUARDED_AVAILABILITY = YES_AGGRESSIVE;
				CLANG_WARN_UNREACHABLE_CODE = YES;
				CLANG_WARN__DUPLICATE_METHOD_MATCH = YES;
				COPY_PHASE_STRIP = NO;
				DEBUG_INFORMATION_FORMAT = "dwarf-with-dsym";
				ENABLE_NS_ASSERTIONS = NO;
				ENABLE_STRICT_OBJC_MSGSEND = YES;
				ENABLE_USER_SCRIPT_SANDBOXING = YES;
				GCC_C_LANGUAGE_STANDARD = gnu17;
				GCC_NO_COMMON_BLOCKS = YES;
				GCC_WARN_64_TO_32_BIT_CONVERSION = YES;
				GCC_WARN_ABOUT_RETURN_TYPE = YES_ERROR;
				GCC_WARN_UNDECLARED_SELECTOR = YES;
				GCC_WARN_UNINITIALIZED_AUTOS = YES_AGGRESSIVE;
				GCC_WARN_UNUSED_FUNCTION = YES;
				GCC_WARN_UNUSED_VARIABLE = YES;
				IPHONEOS_DEPLOYMENT_TARGET = 17.5;
				LOCALIZATION_PREFERS_STRING_CATALOGS = YES;
				MTL_ENABLE_DEBUG_INFO = NO;
				MTL_FAST_MATH = YES;
				SDKROOT = iphoneos;
				SWIFT_COMPILATION_MODE = wholemodule;
				VALIDATE_PRODUCT = YES;
			};
			name = Release;
		};
		7953E8142C0D508F0095AC36 /* Debug */ = {
			isa = XCBuildConfiguration;
			buildSettings = {
				ASSETCATALOG_COMPILER_APPICON_NAME = AppIcon;
				ASSETCATALOG_COMPILER_GLOBAL_ACCENT_COLOR_NAME = AccentColor;
				CODE_SIGN_STYLE = Automatic;
				CURRENT_PROJECT_VERSION = 1;
				DEVELOPMENT_TEAM = P95R3MRRWK;
				GENERATE_INFOPLIST_FILE = YES;
				INFOPLIST_FILE = Saver/Info.plist;
				INFOPLIST_KEY_UIApplicationSupportsIndirectInputEvents = YES;
				INFOPLIST_KEY_UILaunchStoryboardName = LaunchScreen;
				INFOPLIST_KEY_UISupportedInterfaceOrientations_iPad = "UIInterfaceOrientationPortrait UIInterfaceOrientationPortraitUpsideDown UIInterfaceOrientationLandscapeLeft UIInterfaceOrientationLandscapeRight";
				INFOPLIST_KEY_UISupportedInterfaceOrientations_iPhone = "UIInterfaceOrientationPortrait UIInterfaceOrientationLandscapeLeft UIInterfaceOrientationLandscapeRight";
				LD_RUNPATH_SEARCH_PATHS = (
					"$(inherited)",
					"@executable_path/Frameworks",
				);
				MARKETING_VERSION = 1.0;
				PRODUCT_BUNDLE_IDENTIFIER = com.lion.Saver;
				PRODUCT_NAME = "$(TARGET_NAME)";
				SWIFT_EMIT_LOC_STRINGS = YES;
				SWIFT_VERSION = 5.0;
				TARGETED_DEVICE_FAMILY = "1,2";
			};
			name = Debug;
		};
		7953E8152C0D508F0095AC36 /* Release */ = {
			isa = XCBuildConfiguration;
			buildSettings = {
				ASSETCATALOG_COMPILER_APPICON_NAME = AppIcon;
				ASSETCATALOG_COMPILER_GLOBAL_ACCENT_COLOR_NAME = AccentColor;
				CODE_SIGN_STYLE = Automatic;
				CURRENT_PROJECT_VERSION = 1;
				DEVELOPMENT_TEAM = P95R3MRRWK;
				GENERATE_INFOPLIST_FILE = YES;
				INFOPLIST_FILE = Saver/Info.plist;
				INFOPLIST_KEY_UIApplicationSupportsIndirectInputEvents = YES;
				INFOPLIST_KEY_UILaunchStoryboardName = LaunchScreen;
				INFOPLIST_KEY_UISupportedInterfaceOrientations_iPad = "UIInterfaceOrientationPortrait UIInterfaceOrientationPortraitUpsideDown UIInterfaceOrientationLandscapeLeft UIInterfaceOrientationLandscapeRight";
				INFOPLIST_KEY_UISupportedInterfaceOrientations_iPhone = "UIInterfaceOrientationPortrait UIInterfaceOrientationLandscapeLeft UIInterfaceOrientationLandscapeRight";
				LD_RUNPATH_SEARCH_PATHS = (
					"$(inherited)",
					"@executable_path/Frameworks",
				);
				MARKETING_VERSION = 1.0;
				PRODUCT_BUNDLE_IDENTIFIER = com.lion.Saver;
				PRODUCT_NAME = "$(TARGET_NAME)";
				SWIFT_EMIT_LOC_STRINGS = YES;
				SWIFT_VERSION = 5.0;
				TARGETED_DEVICE_FAMILY = "1,2";
			};
			name = Release;
		};
/* End XCBuildConfiguration section */

/* Begin XCConfigurationList section */
		7953E7FA2C0D508C0095AC36 /* Build configuration list for PBXProject "Saver" */ = {
			isa = XCConfigurationList;
			buildConfigurations = (
				7953E8112C0D508F0095AC36 /* Debug */,
				7953E8122C0D508F0095AC36 /* Release */,
			);
			defaultConfigurationIsVisible = 0;
			defaultConfigurationName = Release;
		};
		7953E8132C0D508F0095AC36 /* Build configuration list for PBXNativeTarget "Saver" */ = {
			isa = XCConfigurationList;
			buildConfigurations = (
				7953E8142C0D508F0095AC36 /* Debug */,
				7953E8152C0D508F0095AC36 /* Release */,
			);
			defaultConfigurationIsVisible = 0;
			defaultConfigurationName = Release;
		};
/* End XCConfigurationList section */
	};
	rootObject = 7953E7F72C0D508C0095AC36 /* Project object */;
}
